
Microsoft Visual Studio Solution File, Format Version 12.00
# Visual Studio Version 17
VisualStudioVersion = 17.5.33516.290
MinimumVisualStudioVersion = 10.0.40219.1
Project("{FAE04EC0-301F-11D3-BF4B-00C04F79EFBC}") = "NLayer.Core", "NLayer.Core\NLayer.Core.csproj", "{87DF6FC2-06FA-4440-B3F5-F05D7CC04CA9}"
EndProject
Project("{FAE04EC0-301F-11D3-BF4B-00C04F79EFBC}") = "NLayer.Repository", "NLayer.Repository\NLayer.Repository.csproj", "{3F1C283D-3A2F-4B17-A00C-F60D3E426362}"
EndProject
Project("{FAE04EC0-301F-11D3-BF4B-00C04F79EFBC}") = "NLayer.Service", "NLayer.Service\NLayer.Service.csproj", "{C01BF2C7-F15F-4467-BAB4-6400E3DB973B}"
EndProject
Project("{FAE04EC0-301F-11D3-BF4B-00C04F79EFBC}") = "NLayer.API", "NLayer.API\NLayer.API.csproj", "{EB74B591-0091-4FC8-ADEA-887786B7A90C}"
EndProject
Project("{FAE04EC0-301F-11D3-BF4B-00C04F79EFBC}") = "NLayer.Web", "NLayer.Web\NLayer.Web.csproj", "{9E492E53-6D32-45ED-ACD6-0DD185ACDB6D}"
EndProject
Project("{FAE04EC0-301F-11D3-BF4B-00C04F79EFBC}") = "NLayer.Caching", "NLayer.Caching\NLayer.Caching.csproj", "{BA626CB3-6950-4306-8CEB-98FD98599EFC}"
EndProject
Global
	GlobalSection(SolutionConfigurationPlatforms) = preSolution
		Debug|Any CPU = Debug|Any CPU
		Release|Any CPU = Release|Any CPU
	EndGlobalSection
	GlobalSection(ProjectConfigurationPlatforms) = postSolution
		{87DF6FC2-06FA-4440-B3F5-F05D7CC04CA9}.Debug|Any CPU.ActiveCfg = Debug|Any CPU
		{87DF6FC2-06FA-4440-B3F5-F05D7CC04CA9}.Debug|Any CPU.Build.0 = Debug|Any CPU
		{87DF6FC2-06FA-4440-B3F5-F05D7CC04CA9}.Release|Any CPU.ActiveCfg = Release|Any CPU
		{87DF6FC2-06FA-4440-B3F5-F05D7CC04CA9}.Release|Any CPU.Build.0 = Release|Any CPU
		{3F1C283D-3A2F-4B17-A00C-F60D3E426362}.Debug|Any CPU.ActiveCfg = Debug|Any CPU
		{3F1C283D-3A2F-4B17-A00C-F60D3E426362}.Debug|Any CPU.Build.0 = Debug|Any CPU
		{3F1C283D-3A2F-4B17-A00C-F60D3E426362}.Release|Any CPU.ActiveCfg = Release|Any CPU
		{3F1C283D-3A2F-4B17-A00C-F60D3E426362}.Release|Any CPU.Build.0 = Release|Any CPU
		{C01BF2C7-F15F-4467-BAB4-6400E3DB973B}.Debug|Any CPU.ActiveCfg = Debug|Any CPU
		{C01BF2C7-F15F-4467-BAB4-6400E3DB973B}.Debug|Any CPU.Build.0 = Debug|Any CPU
		{C01BF2C7-F15F-4467-BAB4-6400E3DB973B}.Release|Any CPU.ActiveCfg = Release|Any CPU
		{C01BF2C7-F15F-4467-BAB4-6400E3DB973B}.Release|Any CPU.Build.0 = Release|Any CPU
		{EB74B591-0091-4FC8-ADEA-887786B7A90C}.Debug|Any CPU.ActiveCfg = Debug|Any CPU
		{EB74B591-0091-4FC8-ADEA-887786B7A90C}.Debug|Any CPU.Build.0 = Debug|Any CPU
		{EB74B591-0091-4FC8-ADEA-887786B7A90C}.Release|Any CPU.ActiveCfg = Release|Any CPU
		{EB74B591-0091-4FC8-ADEA-887786B7A90C}.Release|Any CPU.Build.0 = Release|Any CPU
		{9E492E53-6D32-45ED-ACD6-0DD185ACDB6D}.Debug|Any CPU.ActiveCfg = Debug|Any CPU
		{9E492E53-6D32-45ED-ACD6-0DD185ACDB6D}.Debug|Any CPU.Build.0 = Debug|Any CPU
		{9E492E53-6D32-45ED-ACD6-0DD185ACDB6D}.Release|Any CPU.ActiveCfg = Release|Any CPU
		{9E492E53-6D32-45ED-ACD6-0DD185ACDB6D}.Release|Any CPU.Build.0 = Release|Any CPU
		{BA626CB3-6950-4306-8CEB-98FD98599EFC}.Debug|Any CPU.ActiveCfg = Debug|Any CPU
		{BA626CB3-6950-4306-8CEB-98FD98599EFC}.Debug|Any CPU.Build.0 = Debug|Any CPU
		{BA626CB3-6950-4306-8CEB-98FD98599EFC}.Release|Any CPU.ActiveCfg = Release|Any CPU
		{BA626CB3-6950-4306-8CEB-98FD98599EFC}.Release|Any CPU.Build.0 = Release|Any CPU
	EndGlobalSection
	GlobalSection(SolutionProperties) = preSolution
		HideSolutionNode = FALSE
	EndGlobalSection
	GlobalSection(ExtensibilityGlobals) = postSolution
		SolutionGuid = {46955FCD-84EB-42F0-8E72-B4FE2109925A}
	EndGlobalSection
EndGlobal
